
Microsoft Visual Studio Solution File, Format Version 12.00
# Visual Studio Version 17
VisualStudioVersion = 17.5.33627.172
MinimumVisualStudioVersion = 10.0.40219.1
Project("{FAE04EC0-301F-11D3-BF4B-00C04F79EFBC}") = "Jquery_Tst", "Jquery Tst\Jquery_Tst.csproj", "{B5333834-D5D3-426F-B092-E90DD9B67788}"
EndProject
Global
	GlobalSection(SolutionConfigurationPlatforms) = preSolution
		Debug|Any CPU = Debug|Any CPU
		Release|Any CPU = Release|Any CPU
	EndGlobalSection
	GlobalSection(ProjectConfigurationPlatforms) = postSolution
		{B5333834-D5D3-426F-B092-E90DD9B67788}.Debug|Any CPU.ActiveCfg = Debug|Any CPU
		{B5333834-D5D3-426F-B092-E90DD9B67788}.Debug|Any CPU.Build.0 = Debug|Any CPU
		{B5333834-D5D3-426F-B092-E90DD9B67788}.Release|Any CPU.ActiveCfg = Release|Any CPU
		{B5333834-D5D3-426F-B092-E90DD9B67788}.Release|Any CPU.Build.0 = Release|Any CPU
	EndGlobalSection
	GlobalSection(SolutionProperties) = preSolution
		HideSolutionNode = FALSE
	EndGlobalSection
	GlobalSection(ExtensibilityGlobals) = postSolution
		SolutionGuid = {CD87D146-0737-497A-8836-25EEC1012B18}
	EndGlobalSection
EndGlobal
